{
  "name": "dialog-tool",
  "lockfileVersion": 3,
  "requires": true,
  "packages": {
    "": {
      "name": "dialog-tool",
      "devDependencies": {
        "daisyui": "^5.5.14"
      }
    },
    "node_modules/daisyui": {
      "version": "5.5.14",
      "resolved": "https://registry.npmjs.org/daisyui/-/daisyui-5.5.14.tgz",
      "integrity": "sha512-L47rvw7I7hK68TA97VB8Ee0woHew+/ohR6Lx6Ah/krfISOqcG4My7poNpX5Mo5/ytMxiR40fEaz6njzDi7cuSg==",
      "dev": true,
      "license": "MIT",
      "funding": {
        "url": "https://github.com/saadeghi/daisyui?sponsor=1"
      }
    }
  }
}
